// !$*UTF8*$!
{
	archiveVersion = 1;
	classes = {
	};
	objectVersion = 56;
	objects = {

/* Begin PBXBuildFile section */
		1E3A16632AE2374200E791AE /* MostPopularCollectionViewCell.swift in Sources */ = {isa = PBXBuildFile; fileRef = 1E3A16622AE2374200E791AE /* MostPopularCollectionViewCell.swift */; };
		1E3A16652AE23A0900E791AE /* RecentItemTableViewCell.swift in Sources */ = {isa = PBXBuildFile; fileRef = 1E3A16642AE23A0900E791AE /* RecentItemTableViewCell.swift */; };
		1E3C97382AE14D0D0085A5CB /* AppDelegate.swift in Sources */ = {isa = PBXBuildFile; fileRef = 1E3C97372AE14D0D0085A5CB /* AppDelegate.swift */; };
		1E3C973A2AE14D0D0085A5CB /* SceneDelegate.swift in Sources */ = {isa = PBXBuildFile; fileRef = 1E3C97392AE14D0D0085A5CB /* SceneDelegate.swift */; };
		1E3C973C2AE14D0D0085A5CB /* MenuVC.swift in Sources */ = {isa = PBXBuildFile; fileRef = 1E3C973B2AE14D0D0085A5CB /* MenuVC.swift */; };
		1E3C97412AE14D0E0085A5CB /* Assets.xcassets in Resources */ = {isa = PBXBuildFile; fileRef = 1E3C97402AE14D0E0085A5CB /* Assets.xcassets */; };
		1E3C97442AE14D0E0085A5CB /* LaunchScreen.storyboard in Resources */ = {isa = PBXBuildFile; fileRef = 1E3C97422AE14D0E0085A5CB /* LaunchScreen.storyboard */; };
		1E3C974D2AE14FD50085A5CB /* MainTabController.swift in Sources */ = {isa = PBXBuildFile; fileRef = 1E3C974C2AE14FD50085A5CB /* MainTabController.swift */; };
		1E3C974F2AE150D90085A5CB /* OffersVC.swift in Sources */ = {isa = PBXBuildFile; fileRef = 1E3C974E2AE150D90085A5CB /* OffersVC.swift */; };
		1E3C97512AE150E30085A5CB /* ProfileVC.swift in Sources */ = {isa = PBXBuildFile; fileRef = 1E3C97502AE150E30085A5CB /* ProfileVC.swift */; };
		1E3C97532AE150F40085A5CB /* MoreVC.swift in Sources */ = {isa = PBXBuildFile; fileRef = 1E3C97522AE150F40085A5CB /* MoreVC.swift */; };
		1E3C97572AE151B70085A5CB /* HomeVC.swift in Sources */ = {isa = PBXBuildFile; fileRef = 1E3C97562AE151B70085A5CB /* HomeVC.swift */; };
		1E4E20F12AEB4C8B00AA5440 /* MostPopular.swift in Sources */ = {isa = PBXBuildFile; fileRef = 1E4E20F02AEB4C8B00AA5440 /* MostPopular.swift */; };
		1E4E20F32AEB4CA800AA5440 /* RecentItems.swift in Sources */ = {isa = PBXBuildFile; fileRef = 1E4E20F22AEB4CA800AA5440 /* RecentItems.swift */; };
		1E4E20F52AEB4D6800AA5440 /* TableViewProtocols.swift in Sources */ = {isa = PBXBuildFile; fileRef = 1E4E20F42AEB4D6800AA5440 /* TableViewProtocols.swift */; };
		1E4E20F72AEB4D7800AA5440 /* CollectionViewProtocols.swift in Sources */ = {isa = PBXBuildFile; fileRef = 1E4E20F62AEB4D7800AA5440 /* CollectionViewProtocols.swift */; };
		1E8C07502AE1735400DAA61D /* WorldCuisineCollectionViewCell.swift in Sources */ = {isa = PBXBuildFile; fileRef = 1E8C074F2AE1735400DAA61D /* WorldCuisineCollectionViewCell.swift */; };
		1E8C07552AE176BB00DAA61D /* PopularRestaurants.swift in Sources */ = {isa = PBXBuildFile; fileRef = 1E8C07542AE176BB00DAA61D /* PopularRestaurants.swift */; };
		1E8C075B2AE1BE5500DAA61D /* PopularRestaurantsTableViewCell.swift in Sources */ = {isa = PBXBuildFile; fileRef = 1E8C075A2AE1BE5500DAA61D /* PopularRestaurantsTableViewCell.swift */; };
		1E8C075D2AE1BF5900DAA61D /* WorldCuisine.swift in Sources */ = {isa = PBXBuildFile; fileRef = 1E8C075C2AE1BF5900DAA61D /* WorldCuisine.swift */; };
/* End PBXBuildFile section */

/* Begin PBXFileReference section */
		1E3A16622AE2374200E791AE /* MostPopularCollectionViewCell.swift */ = {isa = PBXFileReference; lastKnownFileType = sourcecode.swift; path = MostPopularCollectionViewCell.swift; sourceTree = "<group>"; };
		1E3A16642AE23A0900E791AE /* RecentItemTableViewCell.swift */ = {isa = PBXFileReference; lastKnownFileType = sourcecode.swift; path = RecentItemTableViewCell.swift; sourceTree = "<group>"; };
		1E3C97342AE14D0D0085A5CB /* ProgrammaticUI.app */ = {isa = PBXFileReference; explicitFileType = wrapper.application; includeInIndex = 0; path = ProgrammaticUI.app; sourceTree = BUILT_PRODUCTS_DIR; };
		1E3C97372AE14D0D0085A5CB /* AppDelegate.swift */ = {isa = PBXFileReference; lastKnownFileType = sourcecode.swift; path = AppDelegate.swift; sourceTree = "<group>"; };
		1E3C97392AE14D0D0085A5CB /* SceneDelegate.swift */ = {isa = PBXFileReference; lastKnownFileType = sourcecode.swift; path = SceneDelegate.swift; sourceTree = "<group>"; };
		1E3C973B2AE14D0D0085A5CB /* MenuVC.swift */ = {isa = PBXFileReference; lastKnownFileType = sourcecode.swift; path = MenuVC.swift; sourceTree = "<group>"; };
		1E3C97402AE14D0E0085A5CB /* Assets.xcassets */ = {isa = PBXFileReference; lastKnownFileType = folder.assetcatalog; path = Assets.xcassets; sourceTree = "<group>"; };
		1E3C97432AE14D0E0085A5CB /* Base */ = {isa = PBXFileReference; lastKnownFileType = file.storyboard; name = Base; path = Base.lproj/LaunchScreen.storyboard; sourceTree = "<group>"; };
		1E3C97452AE14D0E0085A5CB /* Info.plist */ = {isa = PBXFileReference; lastKnownFileType = text.plist.xml; path = Info.plist; sourceTree = "<group>"; };
		1E3C974C2AE14FD50085A5CB /* MainTabController.swift */ = {isa = PBXFileReference; lastKnownFileType = sourcecode.swift; path = MainTabController.swift; sourceTree = "<group>"; };
		1E3C974E2AE150D90085A5CB /* OffersVC.swift */ = {isa = PBXFileReference; lastKnownFileType = sourcecode.swift; path = OffersVC.swift; sourceTree = "<group>"; };
		1E3C97502AE150E30085A5CB /* ProfileVC.swift */ = {isa = PBXFileReference; lastKnownFileType = sourcecode.swift; path = ProfileVC.swift; sourceTree = "<group>"; };
		1E3C97522AE150F40085A5CB /* MoreVC.swift */ = {isa = PBXFileReference; lastKnownFileType = sourcecode.swift; path = MoreVC.swift; sourceTree = "<group>"; };
		1E3C97562AE151B70085A5CB /* HomeVC.swift */ = {isa = PBXFileReference; lastKnownFileType = sourcecode.swift; path = HomeVC.swift; sourceTree = "<group>"; };
		1E4E20F02AEB4C8B00AA5440 /* MostPopular.swift */ = {isa = PBXFileReference; lastKnownFileType = sourcecode.swift; path = MostPopular.swift; sourceTree = "<group>"; };
		1E4E20F22AEB4CA800AA5440 /* RecentItems.swift */ = {isa = PBXFileReference; lastKnownFileType = sourcecode.swift; path = RecentItems.swift; sourceTree = "<group>"; };
		1E4E20F42AEB4D6800AA5440 /* TableViewProtocols.swift */ = {isa = PBXFileReference; lastKnownFileType = sourcecode.swift; path = TableViewProtocols.swift; sourceTree = "<group>"; };
		1E4E20F62AEB4D7800AA5440 /* CollectionViewProtocols.swift */ = {isa = PBXFileReference; lastKnownFileType = sourcecode.swift; path = CollectionViewProtocols.swift; sourceTree = "<group>"; };
		1E8C074F2AE1735400DAA61D /* WorldCuisineCollectionViewCell.swift */ = {isa = PBXFileReference; lastKnownFileType = sourcecode.swift; path = WorldCuisineCollectionViewCell.swift; sourceTree = "<group>"; };
		1E8C07542AE176BB00DAA61D /* PopularRestaurants.swift */ = {isa = PBXFileReference; lastKnownFileType = sourcecode.swift; path = PopularRestaurants.swift; sourceTree = "<group>"; };
		1E8C075A2AE1BE5500DAA61D /* PopularRestaurantsTableViewCell.swift */ = {isa = PBXFileReference; lastKnownFileType = sourcecode.swift; name = PopularRestaurantsTableViewCell.swift; path = ProgrammaticUI/Scene/Controller/Home/View/PopularRestaurantsTableViewCell.swift; sourceTree = SOURCE_ROOT; };
		1E8C075C2AE1BF5900DAA61D /* WorldCuisine.swift */ = {isa = PBXFileReference; lastKnownFileType = sourcecode.swift; path = WorldCuisine.swift; sourceTree = "<group>"; };
/* End PBXFileReference section */

/* Begin PBXFrameworksBuildPhase section */
		1E3C97312AE14D0D0085A5CB /* Frameworks */ = {
			isa = PBXFrameworksBuildPhase;
			buildActionMask = 2147483647;
			files = (
			);
			runOnlyForDeploymentPostprocessing = 0;
		};
/* End PBXFrameworksBuildPhase section */

/* Begin PBXGroup section */
		1E3C972B2AE14D0D0085A5CB = {
			isa = PBXGroup;
			children = (
				1E3C97362AE14D0D0085A5CB /* ProgrammaticUI */,
				1E3C97352AE14D0D0085A5CB /* Products */,
			);
			sourceTree = "<group>";
		};
		1E3C97352AE14D0D0085A5CB /* Products */ = {
			isa = PBXGroup;
			children = (
				1E3C97342AE14D0D0085A5CB /* ProgrammaticUI.app */,
			);
			name = Products;
			sourceTree = "<group>";
		};
		1E3C97362AE14D0D0085A5CB /* ProgrammaticUI */ = {
			isa = PBXGroup;
			children = (
				1E8C07572AE1B0A000DAA61D /* Scene */,
				1E8C07562AE1B09000DAA61D /* Common */,
				1E3C97582AE15ABC0085A5CB /* App */,
				1E3C97542AE151900085A5CB /* TabBarController */,
				1E3C97402AE14D0E0085A5CB /* Assets.xcassets */,
				1E3C97422AE14D0E0085A5CB /* LaunchScreen.storyboard */,
				1E3C97452AE14D0E0085A5CB /* Info.plist */,
			);
			path = ProgrammaticUI;
			sourceTree = "<group>";
		};
		1E3C974B2AE14F780085A5CB /* Controller */ = {
			isa = PBXGroup;
			children = (
				1E8C07582AE1B0B400DAA61D /* Home */,
				1E40212A2AE21E29002281AD /* More */,
				1E4021292AE21E22002281AD /* Profile */,
				1E4021282AE21E18002281AD /* Offers */,
				1E4021272AE21E12002281AD /* Menu */,
			);
			path = Controller;
			sourceTree = "<group>";
		};
		1E3C97542AE151900085A5CB /* TabBarController */ = {
			isa = PBXGroup;
			children = (
				1E3C974C2AE14FD50085A5CB /* MainTabController.swift */,
			);
			path = TabBarController;
			sourceTree = "<group>";
		};
		1E3C97582AE15ABC0085A5CB /* App */ = {
			isa = PBXGroup;
			children = (
				1E3C97392AE14D0D0085A5CB /* SceneDelegate.swift */,
				1E3C97372AE14D0D0085A5CB /* AppDelegate.swift */,
			);
			path = App;
			sourceTree = "<group>";
		};
		1E3C97592AE164EA0085A5CB /* Extension */ = {
			isa = PBXGroup;
			children = (
				1E4E20F42AEB4D6800AA5440 /* TableViewProtocols.swift */,
				1E4E20F62AEB4D7800AA5440 /* CollectionViewProtocols.swift */,
			);
			path = Extension;
			sourceTree = "<group>";
		};
		1E4021272AE21E12002281AD /* Menu */ = {
			isa = PBXGroup;
			children = (
				1E3C973B2AE14D0D0085A5CB /* MenuVC.swift */,
			);
			path = Menu;
			sourceTree = "<group>";
		};
		1E4021282AE21E18002281AD /* Offers */ = {
			isa = PBXGroup;
			children = (
				1E3C974E2AE150D90085A5CB /* OffersVC.swift */,
			);
			path = Offers;
			sourceTree = "<group>";
		};
		1E4021292AE21E22002281AD /* Profile */ = {
			isa = PBXGroup;
			children = (
				1E3C97502AE150E30085A5CB /* ProfileVC.swift */,
			);
			path = Profile;
			sourceTree = "<group>";
		};
		1E40212A2AE21E29002281AD /* More */ = {
			isa = PBXGroup;
			children = (
				1E3C97522AE150F40085A5CB /* MoreVC.swift */,
			);
			path = More;
			sourceTree = "<group>";
		};
		1E8C074E2AE16E6100DAA61D /* Cell */ = {
			isa = PBXGroup;
			children = (
				1E8C074F2AE1735400DAA61D /* WorldCuisineCollectionViewCell.swift */,
				1E8C075A2AE1BE5500DAA61D /* PopularRestaurantsTableViewCell.swift */,
				1E3A16622AE2374200E791AE /* MostPopularCollectionViewCell.swift */,
				1E3A16642AE23A0900E791AE /* RecentItemTableViewCell.swift */,
			);
			path = Cell;
			sourceTree = "<group>";
		};
		1E8C07512AE1769900DAA61D /* Model */ = {
			isa = PBXGroup;
			children = (
				1E8C07542AE176BB00DAA61D /* PopularRestaurants.swift */,
				1E8C075C2AE1BF5900DAA61D /* WorldCuisine.swift */,
				1E4E20F02AEB4C8B00AA5440 /* MostPopular.swift */,
				1E4E20F22AEB4CA800AA5440 /* RecentItems.swift */,
			);
			path = Model;
			sourceTree = "<group>";
		};
		1E8C07562AE1B09000DAA61D /* Common */ = {
			isa = PBXGroup;
			children = (
				1E3C97592AE164EA0085A5CB /* Extension */,
				1E8C07512AE1769900DAA61D /* Model */,
			);
			path = Common;
			sourceTree = "<group>";
		};
		1E8C07572AE1B0A000DAA61D /* Scene */ = {
			isa = PBXGroup;
			children = (
				1E3C974B2AE14F780085A5CB /* Controller */,
			);
			path = Scene;
			sourceTree = "<group>";
		};
		1E8C07582AE1B0B400DAA61D /* Home */ = {
			isa = PBXGroup;
			children = (
				1E8C07592AE1B0BA00DAA61D /* View */,
			);
			path = Home;
			sourceTree = "<group>";
		};
		1E8C07592AE1B0BA00DAA61D /* View */ = {
			isa = PBXGroup;
			children = (
				1E3C97562AE151B70085A5CB /* HomeVC.swift */,
				1E8C074E2AE16E6100DAA61D /* Cell */,
			);
			path = View;
			sourceTree = "<group>";
		};
/* End PBXGroup section */

/* Begin PBXNativeTarget section */
		1E3C97332AE14D0D0085A5CB /* ProgrammaticUI */ = {
			isa = PBXNativeTarget;
			buildConfigurationList = 1E3C97482AE14D0E0085A5CB /* Build configuration list for PBXNativeTarget "ProgrammaticUI" */;
			buildPhases = (
				1E3C97302AE14D0D0085A5CB /* Sources */,
				1E3C97312AE14D0D0085A5CB /* Frameworks */,
				1E3C97322AE14D0D0085A5CB /* Resources */,
			);
			buildRules = (
			);
			dependencies = (
			);
			name = ProgrammaticUI;
			productName = ProgrammaticUI;
			productReference = 1E3C97342AE14D0D0085A5CB /* ProgrammaticUI.app */;
			productType = "com.apple.product-type.application";
		};
/* End PBXNativeTarget section */

/* Begin PBXProject section */
		1E3C972C2AE14D0D0085A5CB /* Project object */ = {
			isa = PBXProject;
			attributes = {
				BuildIndependentTargetsInParallel = 1;
				LastSwiftUpdateCheck = 1500;
				LastUpgradeCheck = 1500;
				TargetAttributes = {
					1E3C97332AE14D0D0085A5CB = {
						CreatedOnToolsVersion = 15.0;
					};
				};
			};
			buildConfigurationList = 1E3C972F2AE14D0D0085A5CB /* Build configuration list for PBXProject "ProgrammaticUI" */;
			compatibilityVersion = "Xcode 14.0";
			developmentRegion = en;
			hasScannedForEncodings = 0;
			knownRegions = (
				en,
				Base,
			);
			mainGroup = 1E3C972B2AE14D0D0085A5CB;
			productRefGroup = 1E3C97352AE14D0D0085A5CB /* Products */;
			projectDirPath = "";
			projectRoot = "";
			targets = (
				1E3C97332AE14D0D0085A5CB /* ProgrammaticUI */,
			);
		};
/* End PBXProject section */

/* Begin PBXResourcesBuildPhase section */
		1E3C97322AE14D0D0085A5CB /* Resources */ = {
			isa = PBXResourcesBuildPhase;
			buildActionMask = 2147483647;
			files = (
				1E3C97442AE14D0E0085A5CB /* LaunchScreen.storyboard in Resources */,
				1E3C97412AE14D0E0085A5CB /* Assets.xcassets in Resources */,
			);
			runOnlyForDeploymentPostprocessing = 0;
		};
/* End PBXResourcesBuildPhase section */

/* Begin PBXSourcesBuildPhase section */
		1E3C97302AE14D0D0085A5CB /* Sources */ = {
			isa = PBXSourcesBuildPhase;
			buildActionMask = 2147483647;
			files = (
				1E3A16632AE2374200E791AE /* MostPopularCollectionViewCell.swift in Sources */,
				1E3C97512AE150E30085A5CB /* ProfileVC.swift in Sources */,
				1E3C97572AE151B70085A5CB /* HomeVC.swift in Sources */,
				1E3C973C2AE14D0D0085A5CB /* MenuVC.swift in Sources */,
				1E4E20F12AEB4C8B00AA5440 /* MostPopular.swift in Sources */,
				1E3C97382AE14D0D0085A5CB /* AppDelegate.swift in Sources */,
				1E8C075D2AE1BF5900DAA61D /* WorldCuisine.swift in Sources */,
				1E8C07552AE176BB00DAA61D /* PopularRestaurants.swift in Sources */,
				1E8C075B2AE1BE5500DAA61D /* PopularRestaurantsTableViewCell.swift in Sources */,
				1E8C07502AE1735400DAA61D /* WorldCuisineCollectionViewCell.swift in Sources */,
				1E3C97532AE150F40085A5CB /* MoreVC.swift in Sources */,
				1E4E20F52AEB4D6800AA5440 /* TableViewProtocols.swift in Sources */,
				1E3C974D2AE14FD50085A5CB /* MainTabController.swift in Sources */,
				1E3C974F2AE150D90085A5CB /* OffersVC.swift in Sources */,
				1E4E20F72AEB4D7800AA5440 /* CollectionViewProtocols.swift in Sources */,
				1E3C973A2AE14D0D0085A5CB /* SceneDelegate.swift in Sources */,
				1E3A16652AE23A0900E791AE /* RecentItemTableViewCell.swift in Sources */,
				1E4E20F32AEB4CA800AA5440 /* RecentItems.swift in Sources */,
			);
			runOnlyForDeploymentPostprocessing = 0;
		};
/* End PBXSourcesBuildPhase section */

/* Begin PBXVariantGroup section */
		1E3C97422AE14D0E0085A5CB /* LaunchScreen.storyboard */ = {
			isa = PBXVariantGroup;
			children = (
				1E3C97432AE14D0E0085A5CB /* Base */,
			);
			name = LaunchScreen.storyboard;
			sourceTree = "<group>";
		};
/* End PBXVariantGroup section */

/* Begin XCBuildConfiguration section */
		1E3C97462AE14D0E0085A5CB /* Debug */ = {
			isa = XCBuildConfiguration;
			buildSettings = {
				ALWAYS_SEARCH_USER_PATHS = NO;
				ASSETCATALOG_COMPILER_GENERATE_SWIFT_ASSET_SYMBOL_EXTENSIONS = YES;
				CLANG_ANALYZER_NONNULL = YES;
				CLANG_ANALYZER_NUMBER_OBJECT_CONVERSION = YES_AGGRESSIVE;
				CLANG_CXX_LANGUAGE_STANDARD = "gnu++20";
				CLANG_ENABLE_MODULES = YES;
				CLANG_ENABLE_OBJC_ARC = YES;
				CLANG_ENABLE_OBJC_WEAK = YES;
				CLANG_WARN_BLOCK_CAPTURE_AUTORELEASING = YES;
				CLANG_WARN_BOOL_CONVERSION = YES;
				CLANG_WARN_COMMA = YES;
				CLANG_WARN_CONSTANT_CONVERSION = YES;
				CLANG_WARN_DEPRECATED_OBJC_IMPLEMENTATIONS = YES;
				CLANG_WARN_DIRECT_OBJC_ISA_USAGE = YES_ERROR;
				CLANG_WARN_DOCUMENTATION_COMMENTS = YES;
				CLANG_WARN_EMPTY_BODY = YES;
				CLANG_WARN_ENUM_CONVERSION = YES;
				CLANG_WARN_INFINITE_RECURSION = YES;
				CLANG_WARN_INT_CONVERSION = YES;
				CLANG_WARN_NON_LITERAL_NULL_CONVERSION = YES;
				CLANG_WARN_OBJC_IMPLICIT_RETAIN_SELF = YES;
				CLANG_WARN_OBJC_LITERAL_CONVERSION = YES;
				CLANG_WARN_OBJC_ROOT_CLASS = YES_ERROR;
				CLANG_WARN_QUOTED_INCLUDE_IN_FRAMEWORK_HEADER = YES;
				CLANG_WARN_RANGE_LOOP_ANALYSIS = YES;
				CLANG_WARN_STRICT_PROTOTYPES = YES;
				CLANG_WARN_SUSPICIOUS_MOVE = YES;
				CLANG_WARN_UNGUARDED_AVAILABILITY = YES_AGGRESSIVE;
				CLANG_WARN_UNREACHABLE_CODE = YES;
				CLANG_WARN__DUPLICATE_METHOD_MATCH = YES;
				COPY_PHASE_STRIP = NO;
				DEBUG_INFORMATION_FORMAT = dwarf;
				ENABLE_STRICT_OBJC_MSGSEND = YES;
				ENABLE_TESTABILITY = YES;
				ENABLE_USER_SCRIPT_SANDBOXING = YES;
				GCC_C_LANGUAGE_STANDARD = gnu17;
				GCC_DYNAMIC_NO_PIC = NO;
				GCC_NO_COMMON_BLOCKS = YES;
				GCC_OPTIMIZATION_LEVEL = 0;
				GCC_PREPROCESSOR_DEFINITIONS = (
					"DEBUG=1",
					"$(inherited)",
				);
				GCC_WARN_64_TO_32_BIT_CONVERSION = YES;
				GCC_WARN_ABOUT_RETURN_TYPE = YES_ERROR;
				GCC_WARN_UNDECLARED_SELECTOR = YES;
				GCC_WARN_UNINITIALIZED_AUTOS = YES_AGGRESSIVE;
				GCC_WARN_UNUSED_FUNCTION = YES;
				GCC_WARN_UNUSED_VARIABLE = YES;
				IPHONEOS_DEPLOYMENT_TARGET = 17.0;
				LOCALIZATION_PREFERS_STRING_CATALOGS = YES;
				MTL_ENABLE_DEBUG_INFO = INCLUDE_SOURCE;
				MTL_FAST_MATH = YES;
				ONLY_ACTIVE_ARCH = YES;
				SDKROOT = iphoneos;
				SWIFT_ACTIVE_COMPILATION_CONDITIONS = "DEBUG $(inherited)";
				SWIFT_OPTIMIZATION_LEVEL = "-Onone";
			};
			name = Debug;
		};
		1E3C97472AE14D0E0085A5CB /* Release */ = {
			isa = XCBuildConfiguration;
			buildSettings = {
				ALWAYS_SEARCH_USER_PATHS = NO;
				ASSETCATALOG_COMPILER_GENERATE_SWIFT_ASSET_SYMBOL_EXTENSIONS = YES;
				CLANG_ANALYZER_NONNULL = YES;
				CLANG_ANALYZER_NUMBER_OBJECT_CONVERSION = YES_AGGRESSIVE;
				CLANG_CXX_LANGUAGE_STANDARD = "gnu++20";
				CLANG_ENABLE_MODULES = YES;
				CLANG_ENABLE_OBJC_ARC = YES;
				CLANG_ENABLE_OBJC_WEAK = YES;
				CLANG_WARN_BLOCK_CAPTURE_AUTORELEASING = YES;
				CLANG_WARN_BOOL_CONVERSION = YES;
				CLANG_WARN_COMMA = YES;
				CLANG_WARN_CONSTANT_CONVERSION = YES;
				CLANG_WARN_DEPRECATED_OBJC_IMPLEMENTATIONS = YES;
				CLANG_WARN_DIRECT_OBJC_ISA_USAGE = YES_ERROR;
				CLANG_WARN_DOCUMENTATION_COMMENTS = YES;
				CLANG_WARN_EMPTY_BODY = YES;
				CLANG_WARN_ENUM_CONVERSION = YES;
				CLANG_WARN_INFINITE_RECURSION = YES;
				CLANG_WARN_INT_CONVERSION = YES;
				CLANG_WARN_NON_LITERAL_NULL_CONVERSION = YES;
				CLANG_WARN_OBJC_IMPLICIT_RETAIN_SELF = YES;
				CLANG_WARN_OBJC_LITERAL_CONVERSION = YES;
				CLANG_WARN_OBJC_ROOT_CLASS = YES_ERROR;
				CLANG_WARN_QUOTED_INCLUDE_IN_FRAMEWORK_HEADER = YES;
				CLANG_WARN_RANGE_LOOP_ANALYSIS = YES;
				CLANG_WARN_STRICT_PROTOTYPES = YES;
				CLANG_WARN_SUSPICIOUS_MOVE = YES;
				CLANG_WARN_UNGUARDED_AVAILABILITY = YES_AGGRESSIVE;
				CLANG_WARN_UNREACHABLE_CODE = YES;
				CLANG_WARN__DUPLICATE_METHOD_MATCH = YES;
				COPY_PHASE_STRIP = NO;
				DEBUG_INFORMATION_FORMAT = "dwarf-with-dsym";
				ENABLE_NS_ASSERTIONS = NO;
				ENABLE_STRICT_OBJC_MSGSEND = YES;
				ENABLE_USER_SCRIPT_SANDBOXING = YES;
				GCC_C_LANGUAGE_STANDARD = gnu17;
				GCC_NO_COMMON_BLOCKS = YES;
				GCC_WARN_64_TO_32_BIT_CONVERSION = YES;
				GCC_WARN_ABOUT_RETURN_TYPE = YES_ERROR;
				GCC_WARN_UNDECLARED_SELECTOR = YES;
				GCC_WARN_UNINITIALIZED_AUTOS = YES_AGGRESSIVE;
				GCC_WARN_UNUSED_FUNCTION = YES;
				GCC_WARN_UNUSED_VARIABLE = YES;
				IPHONEOS_DEPLOYMENT_TARGET = 17.0;
				LOCALIZATION_PREFERS_STRING_CATALOGS = YES;
				MTL_ENABLE_DEBUG_INFO = NO;
				MTL_FAST_MATH = YES;
				SDKROOT = iphoneos;
				SWIFT_COMPILATION_MODE = wholemodule;
				VALIDATE_PRODUCT = YES;
			};
			name = Release;
		};
		1E3C97492AE14D0E0085A5CB /* Debug */ = {
			isa = XCBuildConfiguration;
			buildSettings = {
				ASSETCATALOG_COMPILER_APPICON_NAME = AppIcon;
				ASSETCATALOG_COMPILER_GLOBAL_ACCENT_COLOR_NAME = AccentColor;
				CODE_SIGN_STYLE = Automatic;
				CURRENT_PROJECT_VERSION = 1;
				DEVELOPMENT_TEAM = KSGZPL6D9M;
				GENERATE_INFOPLIST_FILE = YES;
				INFOPLIST_FILE = ProgrammaticUI/Info.plist;
				INFOPLIST_KEY_UIApplicationSupportsIndirectInputEvents = YES;
				INFOPLIST_KEY_UILaunchStoryboardName = LaunchScreen;
				INFOPLIST_KEY_UISupportedInterfaceOrientations_iPad = "UIInterfaceOrientationPortrait UIInterfaceOrientationPortraitUpsideDown UIInterfaceOrientationLandscapeLeft UIInterfaceOrientationLandscapeRight";
				INFOPLIST_KEY_UISupportedInterfaceOrientations_iPhone = "UIInterfaceOrientationPortrait UIInterfaceOrientationLandscapeLeft UIInterfaceOrientationLandscapeRight";
				LD_RUNPATH_SEARCH_PATHS = (
					"$(inherited)",
					"@executable_path/Frameworks",
				);
				MARKETING_VERSION = 1.0;
				PRODUCT_BUNDLE_IDENTIFIER = com.ozbagdatli.ProgrammaticUI;
				PRODUCT_NAME = "$(TARGET_NAME)";
				SWIFT_EMIT_LOC_STRINGS = YES;
				SWIFT_VERSION = 5.0;
				TARGETED_DEVICE_FAMILY = "1,2";
			};
			name = Debug;
		};
		1E3C974A2AE14D0E0085A5CB /* Release */ = {
			isa = XCBuildConfiguration;
			buildSettings = {
				ASSETCATALOG_COMPILER_APPICON_NAME = AppIcon;
				ASSETCATALOG_COMPILER_GLOBAL_ACCENT_COLOR_NAME = AccentColor;
				CODE_SIGN_STYLE = Automatic;
				CURRENT_PROJECT_VERSION = 1;
				DEVELOPMENT_TEAM = KSGZPL6D9M;
				GENERATE_INFOPLIST_FILE = YES;
				INFOPLIST_FILE = ProgrammaticUI/Info.plist;
				INFOPLIST_KEY_UIApplicationSupportsIndirectInputEvents = YES;
				INFOPLIST_KEY_UILaunchStoryboardName = LaunchScreen;
				INFOPLIST_KEY_UISupportedInterfaceOrientations_iPad = "UIInterfaceOrientationPortrait UIInterfaceOrientationPortraitUpsideDown UIInterfaceOrientationLandscapeLeft UIInterfaceOrientationLandscapeRight";
				INFOPLIST_KEY_UISupportedInterfaceOrientations_iPhone = "UIInterfaceOrientationPortrait UIInterfaceOrientationLandscapeLeft UIInterfaceOrientationLandscapeRight";
				LD_RUNPATH_SEARCH_PATHS = (
					"$(inherited)",
					"@executable_path/Frameworks",
				);
				MARKETING_VERSION = 1.0;
				PRODUCT_BUNDLE_IDENTIFIER = com.ozbagdatli.ProgrammaticUI;
				PRODUCT_NAME = "$(TARGET_NAME)";
				SWIFT_EMIT_LOC_STRINGS = YES;
				SWIFT_VERSION = 5.0;
				TARGETED_DEVICE_FAMILY = "1,2";
			};
			name = Release;
		};
/* End XCBuildConfiguration section */

/* Begin XCConfigurationList section */
		1E3C972F2AE14D0D0085A5CB /* Build configuration list for PBXProject "ProgrammaticUI" */ = {
			isa = XCConfigurationList;
			buildConfigurations = (
				1E3C97462AE14D0E0085A5CB /* Debug */,
				1E3C97472AE14D0E0085A5CB /* Release */,
			);
			defaultConfigurationIsVisible = 0;
			defaultConfigurationName = Release;
		};
		1E3C97482AE14D0E0085A5CB /* Build configuration list for PBXNativeTarget "ProgrammaticUI" */ = {
			isa = XCConfigurationList;
			buildConfigurations = (
				1E3C97492AE14D0E0085A5CB /* Debug */,
				1E3C974A2AE14D0E0085A5CB /* Release */,
			);
			defaultConfigurationIsVisible = 0;
			defaultConfigurationName = Release;
		};
/* End XCConfigurationList section */
	};
	rootObject = 1E3C972C2AE14D0D0085A5CB /* Project object */;
}
